
Microsoft Visual Studio Solution File, Format Version 12.00
# Visual Studio Version 16
VisualStudioVersion = 16.0.30907.101
MinimumVisualStudioVersion = 10.0.40219.1
Project("{9A19103F-16F7-4668-BE54-9A1E7A4F7556}") = "ReactAppWithAntiforgery", "ReactAppWithAntiforgery.csproj", "{661D1E02-AA30-4757-A5D5-178AB839BCBC}"
EndProject
Global
	GlobalSection(SolutionConfigurationPlatforms) = preSolution
		Debug|Any CPU = Debug|Any CPU
		Release|Any CPU = Release|Any CPU
	EndGlobalSection
	GlobalSection(ProjectConfigurationPlatforms) = postSolution
		{661D1E02-AA30-4757-A5D5-178AB839BCBC}.Debug|Any CPU.ActiveCfg = Debug|Any CPU
		{661D1E02-AA30-4757-A5D5-178AB839BCBC}.Debug|Any CPU.Build.0 = Debug|Any CPU
		{661D1E02-AA30-4757-A5D5-178AB839BCBC}.Release|Any CPU.ActiveCfg = Release|Any CPU
		{661D1E02-AA30-4757-A5D5-178AB839BCBC}.Release|Any CPU.Build.0 = Release|Any CPU
	EndGlobalSection
	GlobalSection(SolutionProperties) = preSolution
		HideSolutionNode = FALSE
	EndGlobalSection
	GlobalSection(ExtensibilityGlobals) = postSolution
		SolutionGuid = {B326CA68-2952-4BA5-B31F-8A83F73393F1}
	EndGlobalSection
EndGlobal
