
Microsoft Visual Studio Solution File, Format Version 12.00
# Visual Studio Version 16
VisualStudioVersion = 16.0.30907.101
MinimumVisualStudioVersion = 10.0.40219.1
Project("{9A19103F-16F7-4668-BE54-9A1E7A4F7556}") = "ReactAppWithAntiforgeryAndIdentity", "ReactAppWithAntiforgeryAndIdentity.csproj", "{93F077AF-4665-4C13-AC04-FA2DDDA3B5D5}"
EndProject
Global
	GlobalSection(SolutionConfigurationPlatforms) = preSolution
		Debug|Any CPU = Debug|Any CPU
		Release|Any CPU = Release|Any CPU
	EndGlobalSection
	GlobalSection(ProjectConfigurationPlatforms) = postSolution
		{93F077AF-4665-4C13-AC04-FA2DDDA3B5D5}.Debug|Any CPU.ActiveCfg = Debug|Any CPU
		{93F077AF-4665-4C13-AC04-FA2DDDA3B5D5}.Debug|Any CPU.Build.0 = Debug|Any CPU
		{93F077AF-4665-4C13-AC04-FA2DDDA3B5D5}.Release|Any CPU.ActiveCfg = Release|Any CPU
		{93F077AF-4665-4C13-AC04-FA2DDDA3B5D5}.Release|Any CPU.Build.0 = Release|Any CPU
	EndGlobalSection
	GlobalSection(SolutionProperties) = preSolution
		HideSolutionNode = FALSE
	EndGlobalSection
	GlobalSection(ExtensibilityGlobals) = postSolution
		SolutionGuid = {95966485-E646-4D51-A63D-A2FACF2ADA35}
	EndGlobalSection
EndGlobal
